
Microsoft Visual Studio Solution File, Format Version 12.00
# Visual Studio Version 17
VisualStudioVersion = 17.0.32112.339
MinimumVisualStudioVersion = 10.0.40219.1
Project("{2150E333-8FDC-42A3-9474-1A3956D46DE8}") = "Clients", "Clients", "{145F2C93-7FDC-4308-B4C1-2AE70573B658}"
EndProject
Project("{2150E333-8FDC-42A3-9474-1A3956D46DE8}") = "Core", "Core", "{E706F5DE-C509-458D-8260-E17C85DE47FE}"
EndProject
Project("{2150E333-8FDC-42A3-9474-1A3956D46DE8}") = "Infrastructure", "Infrastructure", "{9701CA3A-BDE7-4C90-8E88-1BE0C3B0A968}"
EndProject
Project("{9A19103F-16F7-4668-BE54-9A1E7A4F7556}") = "Nubimetrics.API", "Nubimetrics.API\Nubimetrics.API.csproj", "{D5C22EED-F863-4B4A-AD83-69956F72E340}"
EndProject
Project("{9A19103F-16F7-4668-BE54-9A1E7A4F7556}") = "Nubimetrics.Application", "Nubimetrics.Application\Nubimetrics.Application.csproj", "{30B4BB75-2C98-4FE8-B43D-5F6E967C30AC}"
EndProject
Project("{9A19103F-16F7-4668-BE54-9A1E7A4F7556}") = "Nubimetrics.Domain", "Nubimetrics.Domain\Nubimetrics.Domain.csproj", "{613E56E2-4B9F-46CC-A210-F183EA2BEA63}"
EndProject
Project("{9A19103F-16F7-4668-BE54-9A1E7A4F7556}") = "Nubimetrics.DataAccess", "Nuimetrics.DataAccess\Nubimetrics.DataAccess.csproj", "{96F256E5-B197-40E0-980B-F496B07C7ED0}"
EndProject
Project("{9A19103F-16F7-4668-BE54-9A1E7A4F7556}") = "Nubimetrics.Infrastructure", "Nubimetrics.Infrastructure\Nubimetrics.Infrastructure.csproj", "{7A3B99D6-6690-4EB0-8018-F78F7D8119DB}"
EndProject
Project("{9A19103F-16F7-4668-BE54-9A1E7A4F7556}") = "Nubimetrics.Shared", "Nubimetrics.Shared\Nubimetrics.Shared.csproj", "{C4DE6554-FD1C-4620-BC53-D9DCDBA48DD8}"
EndProject
Global
	GlobalSection(SolutionConfigurationPlatforms) = preSolution
		Debug|Any CPU = Debug|Any CPU
		Release|Any CPU = Release|Any CPU
	EndGlobalSection
	GlobalSection(ProjectConfigurationPlatforms) = postSolution
		{D5C22EED-F863-4B4A-AD83-69956F72E340}.Debug|Any CPU.ActiveCfg = Debug|Any CPU
		{D5C22EED-F863-4B4A-AD83-69956F72E340}.Debug|Any CPU.Build.0 = Debug|Any CPU
		{D5C22EED-F863-4B4A-AD83-69956F72E340}.Release|Any CPU.ActiveCfg = Release|Any CPU
		{D5C22EED-F863-4B4A-AD83-69956F72E340}.Release|Any CPU.Build.0 = Release|Any CPU
		{30B4BB75-2C98-4FE8-B43D-5F6E967C30AC}.Debug|Any CPU.ActiveCfg = Debug|Any CPU
		{30B4BB75-2C98-4FE8-B43D-5F6E967C30AC}.Debug|Any CPU.Build.0 = Debug|Any CPU
		{30B4BB75-2C98-4FE8-B43D-5F6E967C30AC}.Release|Any CPU.ActiveCfg = Release|Any CPU
		{30B4BB75-2C98-4FE8-B43D-5F6E967C30AC}.Release|Any CPU.Build.0 = Release|Any CPU
		{613E56E2-4B9F-46CC-A210-F183EA2BEA63}.Debug|Any CPU.ActiveCfg = Debug|Any CPU
		{613E56E2-4B9F-46CC-A210-F183EA2BEA63}.Debug|Any CPU.Build.0 = Debug|Any CPU
		{613E56E2-4B9F-46CC-A210-F183EA2BEA63}.Release|Any CPU.ActiveCfg = Release|Any CPU
		{613E56E2-4B9F-46CC-A210-F183EA2BEA63}.Release|Any CPU.Build.0 = Release|Any CPU
		{96F256E5-B197-40E0-980B-F496B07C7ED0}.Debug|Any CPU.ActiveCfg = Debug|Any CPU
		{96F256E5-B197-40E0-980B-F496B07C7ED0}.Debug|Any CPU.Build.0 = Debug|Any CPU
		{96F256E5-B197-40E0-980B-F496B07C7ED0}.Release|Any CPU.ActiveCfg = Release|Any CPU
		{96F256E5-B197-40E0-980B-F496B07C7ED0}.Release|Any CPU.Build.0 = Release|Any CPU
		{7A3B99D6-6690-4EB0-8018-F78F7D8119DB}.Debug|Any CPU.ActiveCfg = Debug|Any CPU
		{7A3B99D6-6690-4EB0-8018-F78F7D8119DB}.Debug|Any CPU.Build.0 = Debug|Any CPU
		{7A3B99D6-6690-4EB0-8018-F78F7D8119DB}.Release|Any CPU.ActiveCfg = Release|Any CPU
		{7A3B99D6-6690-4EB0-8018-F78F7D8119DB}.Release|Any CPU.Build.0 = Release|Any CPU
		{C4DE6554-FD1C-4620-BC53-D9DCDBA48DD8}.Debug|Any CPU.ActiveCfg = Debug|Any CPU
		{C4DE6554-FD1C-4620-BC53-D9DCDBA48DD8}.Debug|Any CPU.Build.0 = Debug|Any CPU
		{C4DE6554-FD1C-4620-BC53-D9DCDBA48DD8}.Release|Any CPU.ActiveCfg = Release|Any CPU
		{C4DE6554-FD1C-4620-BC53-D9DCDBA48DD8}.Release|Any CPU.Build.0 = Release|Any CPU
	EndGlobalSection
	GlobalSection(SolutionProperties) = preSolution
		HideSolutionNode = FALSE
	EndGlobalSection
	GlobalSection(NestedProjects) = preSolution
		{D5C22EED-F863-4B4A-AD83-69956F72E340} = {145F2C93-7FDC-4308-B4C1-2AE70573B658}
		{30B4BB75-2C98-4FE8-B43D-5F6E967C30AC} = {E706F5DE-C509-458D-8260-E17C85DE47FE}
		{613E56E2-4B9F-46CC-A210-F183EA2BEA63} = {E706F5DE-C509-458D-8260-E17C85DE47FE}
		{96F256E5-B197-40E0-980B-F496B07C7ED0} = {9701CA3A-BDE7-4C90-8E88-1BE0C3B0A968}
		{7A3B99D6-6690-4EB0-8018-F78F7D8119DB} = {9701CA3A-BDE7-4C90-8E88-1BE0C3B0A968}
		{C4DE6554-FD1C-4620-BC53-D9DCDBA48DD8} = {E706F5DE-C509-458D-8260-E17C85DE47FE}
	EndGlobalSection
	GlobalSection(ExtensibilityGlobals) = postSolution
		SolutionGuid = {69455B51-A8C9-4E7C-901A-6EA174C3B3CE}
	EndGlobalSection
EndGlobal
